
Microsoft Visual Studio Solution File, Format Version 12.00
# Visual Studio 2015
Project("{FAE04EC0-301F-11D3-BF4B-00C04F79EFBC}") = "PebbleHack.CSharp", "PebbleHack.CSharp.csproj", "{D704825E-66BF-1D3C-07F9-178B7BD6E547}"
EndProject
Project("{FAE04EC0-301F-11D3-BF4B-00C04F79EFBC}") = "PebbleHack.CSharp.Editor", "PebbleHack.CSharp.Editor.csproj", "{15AFF9C3-0EB5-9A5B-DA45-E9AF34A873A8}"
EndProject
Global
	GlobalSection(SolutionConfigurationPlatforms) = preSolution
		Debug|Any CPU = Debug|Any CPU
		Release|Any CPU = Release|Any CPU
	EndGlobalSection
	GlobalSection(ProjectConfigurationPlatforms) = postSolution
		{D704825E-66BF-1D3C-07F9-178B7BD6E547}.Debug|Any CPU.ActiveCfg = Debug|Any CPU
		{D704825E-66BF-1D3C-07F9-178B7BD6E547}.Debug|Any CPU.Build.0 = Debug|Any CPU
		{D704825E-66BF-1D3C-07F9-178B7BD6E547}.Release|Any CPU.ActiveCfg = Release|Any CPU
		{D704825E-66BF-1D3C-07F9-178B7BD6E547}.Release|Any CPU.Build.0 = Release|Any CPU
		{15AFF9C3-0EB5-9A5B-DA45-E9AF34A873A8}.Debug|Any CPU.ActiveCfg = Debug|Any CPU
		{15AFF9C3-0EB5-9A5B-DA45-E9AF34A873A8}.Debug|Any CPU.Build.0 = Debug|Any CPU
		{15AFF9C3-0EB5-9A5B-DA45-E9AF34A873A8}.Release|Any CPU.ActiveCfg = Release|Any CPU
		{15AFF9C3-0EB5-9A5B-DA45-E9AF34A873A8}.Release|Any CPU.Build.0 = Release|Any CPU
	EndGlobalSection
	GlobalSection(SolutionProperties) = preSolution
		HideSolutionNode = FALSE
	EndGlobalSection
EndGlobal
